
Microsoft Visual Studio Solution File, Format Version 12.00
# Visual Studio 15
VisualStudioVersion = 15.0.26730.10
MinimumVisualStudioVersion = 10.0.40219.1
Project("{8BC9CEB8-8B4A-11D0-8D11-00A0C91BC942}") = "DerydocaEngine.Editor.UI", "DerydocaEngine.Editor.UI\DerydocaEngine.Editor.UI.vcxproj", "{0E76525C-9706-43CD-801C-FDACA8F6C5E4}"
EndProject
Project("{8BC9CEB8-8B4A-11D0-8D11-00A0C91BC942}") = "DerydocaEngine", "DerydocaEngine\DerydocaEngine.vcxproj", "{D0307648-A7A9-413C-A47C-D21474B321D1}"
EndProject
Project("{8BC9CEB8-8B4A-11D0-8D11-00A0C91BC942}") = "DerydocaEngine.Components", "DerydocaEngine.Components\DerydocaEngine.Components.vcxproj", "{C437A7F9-DA09-4776-B3C0-8EFCD2E02E2B}"
EndProject
Project("{8BC9CEB8-8B4A-11D0-8D11-00A0C91BC942}") = "DerydocaEngine.Test", "DerydocaEngine.Test\DerydocaEngine.Test.vcxproj", "{D2E727BB-C664-496A-B0BD-37DCE39C2581}"
EndProject
Project("{8BC9CEB8-8B4A-11D0-8D11-00A0C91BC942}") = "DerydocaEngine.Components.Editor", "DerydocaEngine.Components.Editor\DerydocaEngine.Components.Editor.vcxproj", "{EB252008-399A-48DB-897E-33F6A6A271D1}"
EndProject
Project("{8BC9CEB8-8B4A-11D0-8D11-00A0C91BC942}") = "DerydocaEngine.Editor", "DerydocaEngine.Editor\DerydocaEngine.Editor.vcxproj", "{0FBC4ADD-5B4A-4388-8DB5-CBC58BB5B4A6}"
EndProject
Global
	GlobalSection(SolutionConfigurationPlatforms) = preSolution
		Debug|Win32 = Debug|Win32
		Debug|x64 = Debug|x64
		Release|Win32 = Release|Win32
		Release|x64 = Release|x64
	EndGlobalSection
	GlobalSection(ProjectConfigurationPlatforms) = postSolution
		{0E76525C-9706-43CD-801C-FDACA8F6C5E4}.Debug|Win32.ActiveCfg = Debug|Win32
		{0E76525C-9706-43CD-801C-FDACA8F6C5E4}.Debug|Win32.Build.0 = Debug|Win32
		{0E76525C-9706-43CD-801C-FDACA8F6C5E4}.Debug|x64.ActiveCfg = Debug|x64
		{0E76525C-9706-43CD-801C-FDACA8F6C5E4}.Debug|x64.Build.0 = Debug|x64
		{0E76525C-9706-43CD-801C-FDACA8F6C5E4}.Release|Win32.ActiveCfg = Release|Win32
		{0E76525C-9706-43CD-801C-FDACA8F6C5E4}.Release|Win32.Build.0 = Release|Win32
		{0E76525C-9706-43CD-801C-FDACA8F6C5E4}.Release|x64.ActiveCfg = Release|x64
		{0E76525C-9706-43CD-801C-FDACA8F6C5E4}.Release|x64.Build.0 = Release|x64
		{D0307648-A7A9-413C-A47C-D21474B321D1}.Debug|Win32.ActiveCfg = Debug|Win32
		{D0307648-A7A9-413C-A47C-D21474B321D1}.Debug|Win32.Build.0 = Debug|Win32
		{D0307648-A7A9-413C-A47C-D21474B321D1}.Debug|x64.ActiveCfg = Debug|x64
		{D0307648-A7A9-413C-A47C-D21474B321D1}.Debug|x64.Build.0 = Debug|x64
		{D0307648-A7A9-413C-A47C-D21474B321D1}.Release|Win32.ActiveCfg = Release|Win32
		{D0307648-A7A9-413C-A47C-D21474B321D1}.Release|Win32.Build.0 = Release|Win32
		{D0307648-A7A9-413C-A47C-D21474B321D1}.Release|x64.ActiveCfg = Release|x64
		{D0307648-A7A9-413C-A47C-D21474B321D1}.Release|x64.Build.0 = Release|x64
		{C437A7F9-DA09-4776-B3C0-8EFCD2E02E2B}.Debug|Win32.ActiveCfg = Debug|Win32
		{C437A7F9-DA09-4776-B3C0-8EFCD2E02E2B}.Debug|Win32.Build.0 = Debug|Win32
		{C437A7F9-DA09-4776-B3C0-8EFCD2E02E2B}.Debug|x64.ActiveCfg = Debug|x64
		{C437A7F9-DA09-4776-B3C0-8EFCD2E02E2B}.Debug|x64.Build.0 = Debug|x64
		{C437A7F9-DA09-4776-B3C0-8EFCD2E02E2B}.Release|Win32.ActiveCfg = Release|Win32
		{C437A7F9-DA09-4776-B3C0-8EFCD2E02E2B}.Release|Win32.Build.0 = Release|Win32
		{C437A7F9-DA09-4776-B3C0-8EFCD2E02E2B}.Release|x64.ActiveCfg = Release|x64
		{C437A7F9-DA09-4776-B3C0-8EFCD2E02E2B}.Release|x64.Build.0 = Release|x64
		{D2E727BB-C664-496A-B0BD-37DCE39C2581}.Debug|Win32.ActiveCfg = Debug|Win32
		{D2E727BB-C664-496A-B0BD-37DCE39C2581}.Debug|Win32.Build.0 = Debug|Win32
		{D2E727BB-C664-496A-B0BD-37DCE39C2581}.Debug|x64.ActiveCfg = Debug|x64
		{D2E727BB-C664-496A-B0BD-37DCE39C2581}.Debug|x64.Build.0 = Debug|x64
		{D2E727BB-C664-496A-B0BD-37DCE39C2581}.Release|Win32.ActiveCfg = Release|Win32
		{D2E727BB-C664-496A-B0BD-37DCE39C2581}.Release|Win32.Build.0 = Release|Win32
		{D2E727BB-C664-496A-B0BD-37DCE39C2581}.Release|x64.ActiveCfg = Release|x64
		{D2E727BB-C664-496A-B0BD-37DCE39C2581}.Release|x64.Build.0 = Release|x64
		{EB252008-399A-48DB-897E-33F6A6A271D1}.Debug|Win32.ActiveCfg = Debug|Win32
		{EB252008-399A-48DB-897E-33F6A6A271D1}.Debug|Win32.Build.0 = Debug|Win32
		{EB252008-399A-48DB-897E-33F6A6A271D1}.Debug|x64.ActiveCfg = Debug|x64
		{EB252008-399A-48DB-897E-33F6A6A271D1}.Debug|x64.Build.0 = Debug|x64
		{EB252008-399A-48DB-897E-33F6A6A271D1}.Release|Win32.ActiveCfg = Release|Win32
		{EB252008-399A-48DB-897E-33F6A6A271D1}.Release|Win32.Build.0 = Release|Win32
		{EB252008-399A-48DB-897E-33F6A6A271D1}.Release|x64.ActiveCfg = Release|x64
		{EB252008-399A-48DB-897E-33F6A6A271D1}.Release|x64.Build.0 = Release|x64
		{0FBC4ADD-5B4A-4388-8DB5-CBC58BB5B4A6}.Debug|Win32.ActiveCfg = Debug|Win32
		{0FBC4ADD-5B4A-4388-8DB5-CBC58BB5B4A6}.Debug|Win32.Build.0 = Debug|Win32
		{0FBC4ADD-5B4A-4388-8DB5-CBC58BB5B4A6}.Debug|x64.ActiveCfg = Debug|x64
		{0FBC4ADD-5B4A-4388-8DB5-CBC58BB5B4A6}.Debug|x64.Build.0 = Debug|x64
		{0FBC4ADD-5B4A-4388-8DB5-CBC58BB5B4A6}.Release|Win32.ActiveCfg = Release|Win32
		{0FBC4ADD-5B4A-4388-8DB5-CBC58BB5B4A6}.Release|Win32.Build.0 = Release|Win32
		{0FBC4ADD-5B4A-4388-8DB5-CBC58BB5B4A6}.Release|x64.ActiveCfg = Release|x64
		{0FBC4ADD-5B4A-4388-8DB5-CBC58BB5B4A6}.Release|x64.Build.0 = Release|x64
	EndGlobalSection
	GlobalSection(SolutionProperties) = preSolution
		HideSolutionNode = FALSE
	EndGlobalSection
	GlobalSection(ExtensibilityGlobals) = postSolution
		SolutionGuid = {F891E103-FD49-4504-836D-986487935B6C}
	EndGlobalSection
EndGlobal
