<?xml version="1.0" encoding="utf-8"?>
<Project ToolsVersion="4.0" xmlns="http://schemas.microsoft.com/developer/msbuild/2003">
  <ItemGroup>
    <Filter Include="Editor">
      <UniqueIdentifier>{8C1A20B0-78BC-4A86-6177-5EDA4DB8D1D6}</UniqueIdentifier>
    </Filter>
    <Filter Include="Editor\Execution">
      <UniqueIdentifier>{0FE8C1E1-FBE0-E033-2413-C6B8106BC03F}</UniqueIdentifier>
    </Filter>
  </ItemGroup>
  <ItemGroup>
    <ClInclude Include="src\Editor\Execution\CommandLineArgs.h">
      <Filter>Editor\Execution</Filter>
    </ClInclude>
    <ClInclude Include="src\EditorPch.h" />
  </ItemGroup>
  <ItemGroup>
    <ClCompile Include="src\Editor\Execution\CommandLineArgs.cpp">
      <Filter>Editor\Execution</Filter>
    </ClCompile>
    <ClCompile Include="src\EditorPch.cpp" />
    <ClCompile Include="src\main.cpp" />
    <ClCompile Include="src\stbi_impl.cpp" />
  </ItemGroup>
</Project>