<?xml version="1.0" encoding="utf-8"?>
<Project ToolsVersion="4.0" xmlns="http://schemas.microsoft.com/developer/msbuild/2003">
  <ItemGroup>
    <ClCompile Include="src\Components\Camera.cpp" />
    <ClCompile Include="src\Components\FrameStats.cpp" />
    <ClCompile Include="src\Components\GameComponentFactory.cpp" />
    <ClCompile Include="src\Components\KeyboardMover.cpp" />
    <ClCompile Include="src\Components\Light.cpp" />
    <ClCompile Include="src\Components\MaterialRefresher.cpp" />
    <ClCompile Include="src\Components\MeshRenderer.cpp" />
    <ClCompile Include="src\Components\RendererComponent.cpp" />
    <ClCompile Include="src\Components\Rotator.cpp" />
    <ClCompile Include="src\Components\ScreenshotUtil.cpp" />
    <ClCompile Include="src\Components\SkinnedMeshRenderer.cpp" />
    <ClCompile Include="src\Components\SpriteRenderer.cpp" />
    <ClCompile Include="src\Components\Terrain.cpp" />
    <ClCompile Include="src\Components\TextRenderer.cpp" />
    <ClCompile Include="src\Components\Transform.cpp" />
    <ClCompile Include="src\Components\WasdMover.cpp" />
    <ClCompile Include="src\ComponentsExt\BezierCurveRenderer.cpp" />
    <ClCompile Include="src\ComponentsExt\BloomFilter.cpp" />
    <ClCompile Include="src\ComponentsExt\EdgeDetectionFilter.cpp" />
    <ClCompile Include="src\ComponentsExt\GammaCorrectionFilter.cpp" />
    <ClCompile Include="src\ComponentsExt\GaussianBlurFilter.cpp" />
    <ClCompile Include="src\ComponentsExt\ImageProjector.cpp" />
    <ClCompile Include="src\ComponentsExt\MultisampleSwitch.cpp" />
    <ClCompile Include="src\ComponentsExt\NightVisionFilter.cpp" />
    <ClCompile Include="src\ComponentsExt\NoiseTexture.cpp" />
    <ClCompile Include="src\ComponentsExt\ParticleContinuousFountain.cpp" />
    <ClCompile Include="src\ComponentsExt\ParticleFountain.cpp" />
    <ClCompile Include="src\ComponentsExt\ParticleInstanced.cpp" />
    <ClCompile Include="src\ComponentsExt\ParticleSystem.cpp" />
    <ClCompile Include="src\ComponentsExt\ShaderSubroutineSwitcher.cpp" />
    <ClCompile Include="src\ComponentsExt\TessellatedMeshRenderer.cpp" />
    <ClCompile Include="src\ComponentsExt\TessellatingQuad.cpp" />
    <ClCompile Include="src\ComponentsExt\WaveDisplacement.cpp" />
    <ClCompile Include="src\ComponentsExt\WoodSliceTexture.cpp" />
    <ClCompile Include="src\EngineComponentsPch.cpp" />
  </ItemGroup>
  <ItemGroup>
    <ClInclude Include="src\Components\Camera.h" />
    <ClInclude Include="src\Components\FrameStats.h" />
    <ClInclude Include="src\Components\GameComponent.h" />
    <ClInclude Include="src\Components\GameComponentFactory.h" />
    <ClInclude Include="src\Components\KeyboardMover.h" />
    <ClInclude Include="src\Components\Light.h" />
    <ClInclude Include="src\Components\MaterialRefresher.h" />
    <ClInclude Include="src\Components\MeshRenderer.h" />
    <ClInclude Include="src\Components\RendererComponent.h" />
    <ClInclude Include="src\Components\Rotator.h" />
    <ClInclude Include="src\Components\ScreenshotUtil.h" />
    <ClInclude Include="src\Components\SkinnedMeshRenderer.h" />
    <ClInclude Include="src\Components\SpriteRenderer.h" />
    <ClInclude Include="src\Components\Terrain.h" />
    <ClInclude Include="src\Components\TextRenderer.h" />
    <ClInclude Include="src\Components\Transform.h" />
    <ClInclude Include="src\Components\WasdMover.h" />
    <ClInclude Include="src\ComponentsExt\BezierCurveRenderer.h" />
    <ClInclude Include="src\ComponentsExt\BloomFilter.h" />
    <ClInclude Include="src\ComponentsExt\EdgeDetectionFilter.h" />
    <ClInclude Include="src\ComponentsExt\GammaCorrectionFilter.h" />
    <ClInclude Include="src\ComponentsExt\GaussianBlurFilter.h" />
    <ClInclude Include="src\ComponentsExt\ImageProjector.h" />
    <ClInclude Include="src\ComponentsExt\MultisampleSwitch.h" />
    <ClInclude Include="src\ComponentsExt\NightVisionFilter.h" />
    <ClInclude Include="src\ComponentsExt\NoiseTexture.h" />
    <ClInclude Include="src\ComponentsExt\ParticleContinuousFountain.h" />
    <ClInclude Include="src\ComponentsExt\ParticleFountain.h" />
    <ClInclude Include="src\ComponentsExt\ParticleInstanced.h" />
    <ClInclude Include="src\ComponentsExt\ParticleSystem.h" />
    <ClInclude Include="src\ComponentsExt\TessellatingQuad.h" />
    <ClInclude Include="src\ComponentsExt\ShaderSubroutineSwitcher.h" />
    <ClInclude Include="src\ComponentsExt\TessellatedMeshRenderer.h" />
    <ClInclude Include="src\ComponentsExt\WoodSliceTexture.h" />
    <ClInclude Include="src\ComponentsExt\WaveDisplacement.h" />
    <ClInclude Include="src\EngineComponentsPch.h" />
  </ItemGroup>
</Project>