<?xml version="1.0" encoding="utf-8"?>
<Project ToolsVersion="4.0" xmlns="http://schemas.microsoft.com/developer/msbuild/2003">
  <ItemGroup>
    <Filter Include="Components">
      <UniqueIdentifier>{6B7DD516-5735-1764-C03C-F0BFAC13B254}</UniqueIdentifier>
    </Filter>
    <Filter Include="ComponentsExt">
      <UniqueIdentifier>{FC3E7C67-68FF-F79D-313A-411B9DB93C7A}</UniqueIdentifier>
    </Filter>
  </ItemGroup>
  <ItemGroup>
    <ClInclude Include="src\Components\Camera.h">
      <Filter>Components</Filter>
    </ClInclude>
    <ClInclude Include="src\Components\FrameStats.h">
      <Filter>Components</Filter>
    </ClInclude>
    <ClInclude Include="src\Components\GameComponent.h">
      <Filter>Components</Filter>
    </ClInclude>
    <ClInclude Include="src\Components\GameComponentFactory.h">
      <Filter>Components</Filter>
    </ClInclude>
    <ClInclude Include="src\Components\KeyboardMover.h">
      <Filter>Components</Filter>
    </ClInclude>
    <ClInclude Include="src\Components\Light.h">
      <Filter>Components</Filter>
    </ClInclude>
    <ClInclude Include="src\Components\MaterialRefresher.h">
      <Filter>Components</Filter>
    </ClInclude>
    <ClInclude Include="src\Components\MeshRenderer.h">
      <Filter>Components</Filter>
    </ClInclude>
    <ClInclude Include="src\Components\RendererComponent.h">
      <Filter>Components</Filter>
    </ClInclude>
    <ClInclude Include="src\Components\Rotator.h">
      <Filter>Components</Filter>
    </ClInclude>
    <ClInclude Include="src\Components\ScreenshotUtil.h">
      <Filter>Components</Filter>
    </ClInclude>
    <ClInclude Include="src\Components\SkinnedMeshRenderer.h">
      <Filter>Components</Filter>
    </ClInclude>
    <ClInclude Include="src\Components\SpriteRenderer.h">
      <Filter>Components</Filter>
    </ClInclude>
    <ClInclude Include="src\Components\Terrain.h">
      <Filter>Components</Filter>
    </ClInclude>
    <ClInclude Include="src\Components\TextRenderer.h">
      <Filter>Components</Filter>
    </ClInclude>
    <ClInclude Include="src\Components\Transform.h">
      <Filter>Components</Filter>
    </ClInclude>
    <ClInclude Include="src\Components\WasdMover.h">
      <Filter>Components</Filter>
    </ClInclude>
    <ClInclude Include="src\ComponentsExt\BezierCurveRenderer.h">
      <Filter>ComponentsExt</Filter>
    </ClInclude>
    <ClInclude Include="src\ComponentsExt\BloomFilter.h">
      <Filter>ComponentsExt</Filter>
    </ClInclude>
    <ClInclude Include="src\ComponentsExt\EdgeDetectionFilter.h">
      <Filter>ComponentsExt</Filter>
    </ClInclude>
    <ClInclude Include="src\ComponentsExt\GammaCorrectionFilter.h">
      <Filter>ComponentsExt</Filter>
    </ClInclude>
    <ClInclude Include="src\ComponentsExt\GaussianBlurFilter.h">
      <Filter>ComponentsExt</Filter>
    </ClInclude>
    <ClInclude Include="src\ComponentsExt\ImageProjector.h">
      <Filter>ComponentsExt</Filter>
    </ClInclude>
    <ClInclude Include="src\ComponentsExt\MultisampleSwitch.h">
      <Filter>ComponentsExt</Filter>
    </ClInclude>
    <ClInclude Include="src\ComponentsExt\NightVisionFilter.h">
      <Filter>ComponentsExt</Filter>
    </ClInclude>
    <ClInclude Include="src\ComponentsExt\NoiseTexture.h">
      <Filter>ComponentsExt</Filter>
    </ClInclude>
    <ClInclude Include="src\ComponentsExt\ParticleContinuousFountain.h">
      <Filter>ComponentsExt</Filter>
    </ClInclude>
    <ClInclude Include="src\ComponentsExt\ParticleFountain.h">
      <Filter>ComponentsExt</Filter>
    </ClInclude>
    <ClInclude Include="src\ComponentsExt\ParticleInstanced.h">
      <Filter>ComponentsExt</Filter>
    </ClInclude>
    <ClInclude Include="src\ComponentsExt\ParticleSystem.h">
      <Filter>ComponentsExt</Filter>
    </ClInclude>
    <ClInclude Include="src\ComponentsExt\ShaderSubroutineSwitcher.h">
      <Filter>ComponentsExt</Filter>
    </ClInclude>
    <ClInclude Include="src\ComponentsExt\TessellatedMeshRenderer.h">
      <Filter>ComponentsExt</Filter>
    </ClInclude>
    <ClInclude Include="src\ComponentsExt\TessellatingQuad.h">
      <Filter>ComponentsExt</Filter>
    </ClInclude>
    <ClInclude Include="src\ComponentsExt\WaveDisplacement.h">
      <Filter>ComponentsExt</Filter>
    </ClInclude>
    <ClInclude Include="src\ComponentsExt\WoodSliceTexture.h">
      <Filter>ComponentsExt</Filter>
    </ClInclude>
    <ClInclude Include="src\EngineComponentsPch.h" />
  </ItemGroup>
  <ItemGroup>
    <ClCompile Include="src\Components\Camera.cpp">
      <Filter>Components</Filter>
    </ClCompile>
    <ClCompile Include="src\Components\FrameStats.cpp">
      <Filter>Components</Filter>
    </ClCompile>
    <ClCompile Include="src\Components\GameComponentFactory.cpp">
      <Filter>Components</Filter>
    </ClCompile>
    <ClCompile Include="src\Components\KeyboardMover.cpp">
      <Filter>Components</Filter>
    </ClCompile>
    <ClCompile Include="src\Components\Light.cpp">
      <Filter>Components</Filter>
    </ClCompile>
    <ClCompile Include="src\Components\MaterialRefresher.cpp">
      <Filter>Components</Filter>
    </ClCompile>
    <ClCompile Include="src\Components\MeshRenderer.cpp">
      <Filter>Components</Filter>
    </ClCompile>
    <ClCompile Include="src\Components\RendererComponent.cpp">
      <Filter>Components</Filter>
    </ClCompile>
    <ClCompile Include="src\Components\Rotator.cpp">
      <Filter>Components</Filter>
    </ClCompile>
    <ClCompile Include="src\Components\ScreenshotUtil.cpp">
      <Filter>Components</Filter>
    </ClCompile>
    <ClCompile Include="src\Components\SkinnedMeshRenderer.cpp">
      <Filter>Components</Filter>
    </ClCompile>
    <ClCompile Include="src\Components\SpriteRenderer.cpp">
      <Filter>Components</Filter>
    </ClCompile>
    <ClCompile Include="src\Components\Terrain.cpp">
      <Filter>Components</Filter>
    </ClCompile>
    <ClCompile Include="src\Components\TextRenderer.cpp">
      <Filter>Components</Filter>
    </ClCompile>
    <ClCompile Include="src\Components\Transform.cpp">
      <Filter>Components</Filter>
    </ClCompile>
    <ClCompile Include="src\Components\WasdMover.cpp">
      <Filter>Components</Filter>
    </ClCompile>
    <ClCompile Include="src\ComponentsExt\BezierCurveRenderer.cpp">
      <Filter>ComponentsExt</Filter>
    </ClCompile>
    <ClCompile Include="src\ComponentsExt\BloomFilter.cpp">
      <Filter>ComponentsExt</Filter>
    </ClCompile>
    <ClCompile Include="src\ComponentsExt\EdgeDetectionFilter.cpp">
      <Filter>ComponentsExt</Filter>
    </ClCompile>
    <ClCompile Include="src\ComponentsExt\GammaCorrectionFilter.cpp">
      <Filter>ComponentsExt</Filter>
    </ClCompile>
    <ClCompile Include="src\ComponentsExt\GaussianBlurFilter.cpp">
      <Filter>ComponentsExt</Filter>
    </ClCompile>
    <ClCompile Include="src\ComponentsExt\ImageProjector.cpp">
      <Filter>ComponentsExt</Filter>
    </ClCompile>
    <ClCompile Include="src\ComponentsExt\MultisampleSwitch.cpp">
      <Filter>ComponentsExt</Filter>
    </ClCompile>
    <ClCompile Include="src\ComponentsExt\NightVisionFilter.cpp">
      <Filter>ComponentsExt</Filter>
    </ClCompile>
    <ClCompile Include="src\ComponentsExt\NoiseTexture.cpp">
      <Filter>ComponentsExt</Filter>
    </ClCompile>
    <ClCompile Include="src\ComponentsExt\ParticleContinuousFountain.cpp">
      <Filter>ComponentsExt</Filter>
    </ClCompile>
    <ClCompile Include="src\ComponentsExt\ParticleFountain.cpp">
      <Filter>ComponentsExt</Filter>
    </ClCompile>
    <ClCompile Include="src\ComponentsExt\ParticleInstanced.cpp">
      <Filter>ComponentsExt</Filter>
    </ClCompile>
    <ClCompile Include="src\ComponentsExt\ParticleSystem.cpp">
      <Filter>ComponentsExt</Filter>
    </ClCompile>
    <ClCompile Include="src\ComponentsExt\ShaderSubroutineSwitcher.cpp">
      <Filter>ComponentsExt</Filter>
    </ClCompile>
    <ClCompile Include="src\ComponentsExt\TessellatedMeshRenderer.cpp">
      <Filter>ComponentsExt</Filter>
    </ClCompile>
    <ClCompile Include="src\ComponentsExt\TessellatingQuad.cpp">
      <Filter>ComponentsExt</Filter>
    </ClCompile>
    <ClCompile Include="src\ComponentsExt\WaveDisplacement.cpp">
      <Filter>ComponentsExt</Filter>
    </ClCompile>
    <ClCompile Include="src\ComponentsExt\WoodSliceTexture.cpp">
      <Filter>ComponentsExt</Filter>
    </ClCompile>
    <ClCompile Include="src\EngineComponentsPch.cpp" />
  </ItemGroup>
</Project>