<?xml version="1.0" encoding="utf-8"?>
<Project ToolsVersion="4.0" xmlns="http://schemas.microsoft.com/developer/msbuild/2003">
  <ItemGroup>
    <ClCompile Include="src\EditorPch.cpp" />
    <ClCompile Include="src\Editor\SelectionManager.cpp" />
    <ClCompile Include="src\Editor\Inspector\InspectorRendererFactory.cpp" />
    <ClCompile Include="src\Editor\Inspector\ResourceInspectors\LevelResourceInspector.h" />
    <ClCompile Include="src\Dgui\InputText.cpp" />
    <ClCompile Include="src\Dgui\InputQuaternion.cpp" />
    <ClCompile Include="src\Dgui\InputProjection.cpp" />
    <ClCompile Include="src\Editor\EditorGUI.cpp" />
    <ClCompile Include="src\Editor\EditorRenderer.cpp" />
  </ItemGroup>
  <ItemGroup>
    <ClInclude Include="src\EditorPch.h" />
    <ClInclude Include="src\Editor\SelectionManager.h" />
    <ClInclude Include="src\Editor\SelectionGroup.h" />
    <ClInclude Include="src\Editor\Inspector\InspectorRendererFactory.h" />
    <ClInclude Include="src\Editor\Inspector\InspectorRenderer.h" />
    <ClInclude Include="src\Editor\Inspector\UndefinedInspector.h" />
    <ClInclude Include="src\Editor\Inspector\ResourceInspectors\AnimationResourceInspector.h" />
    <ClInclude Include="src\Editor\Inspector\ResourceInspectors\CubemapResourceInspector.h" />
    <ClInclude Include="src\Editor\Inspector\ResourceInspectors\FontResourceInspector.h" />
    <ClInclude Include="src\Editor\Inspector\ResourceInspectors\TextureResourceInspector.h" />
    <ClInclude Include="src\Editor\Inspector\ResourceInspectors\MeshResourceInspector.h" />
    <ClInclude Include="src\Editor\Inspector\ResourceInspectors\MaterialResourceInspector.h" />
    <ClInclude Include="src\Editor\Inspector\ResourceInspectors\RasterFontInspector.h" />
    <ClInclude Include="src\Editor\Inspector\ResourceInspectors\ShaderResourceInspector.h" />
    <ClInclude Include="src\Editor\Inspector\ResourceInspectors\SkeletonResourceInspector.h" />
    <ClInclude Include="src\Editor\Inspector\ResourceInspectors\SpriteSheetResourceInspector.h" />
    <ClInclude Include="src\Editor\Inspector\GameObjectInspector.h" />
    <ClInclude Include="src\Dgui\InputText.h" />
    <ClInclude Include="src\Editor\Inspector\ComponentInspectors\TransformInspector.h" />
    <ClInclude Include="src\Dgui\InputQuaternion.h" />
    <ClInclude Include="src\Dgui\InputProjection.h" />
    <ClInclude Include="src\Editor\EditorGUI.h" />
    <ClInclude Include="src\Editor\EditorRenderer.h" />
  </ItemGroup>
</Project>