<?xml version="1.0" encoding="utf-8"?>
<Project ToolsVersion="4.0" xmlns="http://schemas.microsoft.com/developer/msbuild/2003">
  <ItemGroup>
    <ClCompile Include="src\EditorPch.cpp" />
    <ClCompile Include="src\Editor\SelectionManager.cpp" />
    <ClCompile Include="src\Editor\Inspector\InspectorRendererFactory.cpp" />
    <ClCompile Include="src\Editor\Inspector\LevelResourceInspector.h" />
  </ItemGroup>
  <ItemGroup>
    <ClInclude Include="src\EditorPch.h" />
    <ClInclude Include="src\Editor\SelectionManager.h" />
    <ClInclude Include="src\Editor\SelectionGroup.h" />
    <ClInclude Include="src\Editor\Inspector\InspectorRendererFactory.h" />
    <ClInclude Include="src\Editor\Inspector\InspectorRenderer.h" />
    <ClInclude Include="src\Editor\Inspector\UndefinedInspector.h" />
    <ClInclude Include="src\Editor\Inspector\AnimationResourceInspector.h" />
  </ItemGroup>
</Project>