<?xml version="1.0" encoding="utf-8"?>
<Project ToolsVersion="4.0" xmlns="http://schemas.microsoft.com/developer/msbuild/2003">
  <ItemGroup>
    <ClCompile Include="src\main.cpp" />
    <ClCompile Include="src\stbi_impl.cpp" />
    <ClCompile Include="src\Inspector\InspectorRegistration_Component.cpp" />
    <ClCompile Include="src\Inspector\InspectorRegistration_Resource.cpp" />
    <ClCompile Include="src\EditorTestPch.cpp" />
    <ClCompile Include="src\Inspector\InspectorRegistration_Component_Ext.cpp" />
  </ItemGroup>
  <ItemGroup>
    <None Include="packages.config" />
  </ItemGroup>
  <ItemGroup>
    <ClInclude Include="src\Inspector\InspectorRegistrationMacros.h" />
    <ClInclude Include="src\EditorTestPch.h" />
  </ItemGroup>
</Project>