<?xml version="1.0" encoding="utf-8"?>
<Project ToolsVersion="4.0" xmlns="http://schemas.microsoft.com/developer/msbuild/2003">
  <ItemGroup>
    <ClCompile Include="main.cpp" />
    <ClCompile Include="WasdMover.cpp">
      <Filter>Game Components</Filter>
    </ClCompile>
    <ClCompile Include="ScreenshotUtil.cpp">
      <Filter>Game Components</Filter>
    </ClCompile>
    <ClCompile Include="Rotator.cpp">
      <Filter>Game Components</Filter>
    </ClCompile>
    <ClCompile Include="obj_loader.cpp">
      <Filter>Libraries</Filter>
    </ClCompile>
    <ClCompile Include="Terrain.cpp">
      <Filter>Game Components</Filter>
    </ClCompile>
    <ClCompile Include="ButtonState.cpp">
      <Filter>Input</Filter>
    </ClCompile>
    <ClCompile Include="Keyboard.cpp">
      <Filter>Input</Filter>
    </ClCompile>
    <ClCompile Include="Mouse.cpp">
      <Filter>Input</Filter>
    </ClCompile>
    <ClCompile Include="Clock.cpp">
      <Filter>Engine</Filter>
    </ClCompile>
    <ClCompile Include="Display.cpp">
      <Filter>Engine</Filter>
    </ClCompile>
    <ClCompile Include="GameObject.cpp">
      <Filter>Engine</Filter>
    </ClCompile>
    <ClCompile Include="EngineSettings.cpp">
      <Filter>Engine</Filter>
    </ClCompile>
    <ClCompile Include="Skybox.cpp">
      <Filter>Engine</Filter>
    </ClCompile>
    <ClCompile Include="Camera.cpp">
      <Filter>Engine\Rendering</Filter>
    </ClCompile>
    <ClCompile Include="MeshRenderer.cpp">
      <Filter>Engine\Rendering</Filter>
    </ClCompile>
    <ClCompile Include="CameraManager.cpp">
      <Filter>Engine\Rendering</Filter>
    </ClCompile>
    <ClCompile Include="Mesh.cpp">
      <Filter>Engine\Rendering</Filter>
    </ClCompile>
    <ClCompile Include="Texture.cpp">
      <Filter>Engine\Rendering</Filter>
    </ClCompile>
    <ClCompile Include="Material.cpp">
      <Filter>Engine\Rendering</Filter>
    </ClCompile>
    <ClCompile Include="RenderTexture.cpp">
      <Filter>Engine\Rendering</Filter>
    </ClCompile>
    <ClCompile Include="DebugLine.cpp">
      <Filter>Engine\Debug</Filter>
    </ClCompile>
    <ClCompile Include="DebugVisualizer.cpp">
      <Filter>Engine\Debug</Filter>
    </ClCompile>
    <ClCompile Include="Oculus.cpp" />
    <ClCompile Include="ShadowMap.cpp">
      <Filter>Engine\Rendering</Filter>
    </ClCompile>
    <ClCompile Include="Shader.cpp">
      <Filter>Engine\Rendering</Filter>
    </ClCompile>
    <ClCompile Include="ShaderManager.cpp">
      <Filter>Engine\Rendering</Filter>
    </ClCompile>
    <ClCompile Include="Light.cpp">
      <Filter>Engine\Rendering</Filter>
    </ClCompile>
    <ClCompile Include="Transform.cpp">
      <Filter>Engine</Filter>
    </ClCompile>
    <ClCompile Include="LightManager.cpp" />
    <ClCompile Include="KeyboardMover.cpp" />
    <ClCompile Include="SquirrelTerrainScene.cpp" />
    <ClCompile Include="DiffuseTestScene.cpp" />
  </ItemGroup>
  <ItemGroup>
    <ClInclude Include="WasdMover.h">
      <Filter>Game Components</Filter>
    </ClInclude>
    <ClInclude Include="ScreenshotUtil.h">
      <Filter>Game Components</Filter>
    </ClInclude>
    <ClInclude Include="Rotator.h">
      <Filter>Game Components</Filter>
    </ClInclude>
    <ClInclude Include="SOIL.h">
      <Filter>Libraries</Filter>
    </ClInclude>
    <ClInclude Include="obj_loader.h">
      <Filter>Libraries</Filter>
    </ClInclude>
    <ClInclude Include="Terrain.h">
      <Filter>Game Components</Filter>
    </ClInclude>
    <ClInclude Include="ButtonState.h">
      <Filter>Input</Filter>
    </ClInclude>
    <ClInclude Include="Key.h">
      <Filter>Input</Filter>
    </ClInclude>
    <ClInclude Include="Keyboard.h">
      <Filter>Input</Filter>
    </ClInclude>
    <ClInclude Include="Mouse.h">
      <Filter>Input</Filter>
    </ClInclude>
    <ClInclude Include="Clock.h">
      <Filter>Engine</Filter>
    </ClInclude>
    <ClInclude Include="MatrixStack.h">
      <Filter>Engine</Filter>
    </ClInclude>
    <ClInclude Include="Display.h">
      <Filter>Engine</Filter>
    </ClInclude>
    <ClInclude Include="GameComponent.h">
      <Filter>Engine</Filter>
    </ClInclude>
    <ClInclude Include="GameObject.h">
      <Filter>Engine</Filter>
    </ClInclude>
    <ClInclude Include="EngineSettings.h">
      <Filter>Engine</Filter>
    </ClInclude>
    <ClInclude Include="Transform.h">
      <Filter>Engine</Filter>
    </ClInclude>
    <ClInclude Include="Skybox.h">
      <Filter>Engine</Filter>
    </ClInclude>
    <ClInclude Include="Vertex.h">
      <Filter>Engine</Filter>
    </ClInclude>
    <ClInclude Include="LinkedList.h">
      <Filter>Engine</Filter>
    </ClInclude>
    <ClInclude Include="LinkedListNode.h">
      <Filter>Engine</Filter>
    </ClInclude>
    <ClInclude Include="Color.h">
      <Filter>Engine</Filter>
    </ClInclude>
    <ClInclude Include="YamlTools.h">
      <Filter>Engine</Filter>
    </ClInclude>
    <ClInclude Include="Camera.h">
      <Filter>Engine\Rendering</Filter>
    </ClInclude>
    <ClInclude Include="MeshRenderer.h">
      <Filter>Engine\Rendering</Filter>
    </ClInclude>
    <ClInclude Include="CameraManager.h">
      <Filter>Engine\Rendering</Filter>
    </ClInclude>
    <ClInclude Include="Mesh.h">
      <Filter>Engine\Rendering</Filter>
    </ClInclude>
    <ClInclude Include="Texture.h">
      <Filter>Engine\Rendering</Filter>
    </ClInclude>
    <ClInclude Include="Material.h">
      <Filter>Engine\Rendering</Filter>
    </ClInclude>
    <ClInclude Include="RenderTexture.h">
      <Filter>Engine\Rendering</Filter>
    </ClInclude>
    <ClInclude Include="Rectangle.h">
      <Filter>Engine</Filter>
    </ClInclude>
    <ClInclude Include="DebugLine.h">
      <Filter>Engine\Debug</Filter>
    </ClInclude>
    <ClInclude Include="DebugVisualizer.h">
      <Filter>Engine\Debug</Filter>
    </ClInclude>
    <ClInclude Include="GLError.h">
      <Filter>Engine</Filter>
    </ClInclude>
    <ClInclude Include="Oculus.h" />
    <ClInclude Include="ShadowMap.h">
      <Filter>Engine\Rendering</Filter>
    </ClInclude>
    <ClInclude Include="Shader.h">
      <Filter>Engine\Rendering</Filter>
    </ClInclude>
    <ClInclude Include="ShaderManager.h">
      <Filter>Engine\Rendering</Filter>
    </ClInclude>
    <ClInclude Include="Light.h">
      <Filter>Engine\Rendering</Filter>
    </ClInclude>
    <ClInclude Include="LightManager.h" />
    <ClInclude Include="KeyboardMover.h" />
    <ClInclude Include="Scene.h" />
    <ClInclude Include="SquirrelTerrainScene.h" />
    <ClInclude Include="DiffuseTestScene.h" />
  </ItemGroup>
  <ItemGroup>
    <Filter Include="Game Components">
      <UniqueIdentifier>{6de40de1-1620-4246-9a36-f184d4e2e99a}</UniqueIdentifier>
    </Filter>
    <Filter Include="Libraries">
      <UniqueIdentifier>{1c4e3881-089f-492a-8509-a541828c7262}</UniqueIdentifier>
    </Filter>
    <Filter Include="Input">
      <UniqueIdentifier>{9e9a0417-56b9-440e-8db7-c98e7c5dc0ca}</UniqueIdentifier>
    </Filter>
    <Filter Include="Engine">
      <UniqueIdentifier>{d5f7487a-6aba-493d-9dc7-f8f6a078d052}</UniqueIdentifier>
    </Filter>
    <Filter Include="Engine\Rendering">
      <UniqueIdentifier>{bdeaa5cf-a63b-493b-9757-72bcfc291a9d}</UniqueIdentifier>
    </Filter>
    <Filter Include="Engine\Debug">
      <UniqueIdentifier>{927235fe-be96-458a-8f36-9cbd90f48ec7}</UniqueIdentifier>
    </Filter>
  </ItemGroup>
</Project>