<?xml version="1.0" encoding="utf-8"?>
<Project ToolsVersion="4.0" xmlns="http://schemas.microsoft.com/developer/msbuild/2003">
  <ItemGroup>
    <ClCompile Include="main.cpp" />
    <ClCompile Include="ButtonState.cpp">
      <Filter>To Be Namespaced\Input</Filter>
    </ClCompile>
    <ClCompile Include="Keyboard.cpp">
      <Filter>To Be Namespaced\Input</Filter>
    </ClCompile>
    <ClCompile Include="Mouse.cpp">
      <Filter>To Be Namespaced\Input</Filter>
    </ClCompile>
    <ClCompile Include="Display.cpp">
      <Filter>To Be Namespaced</Filter>
    </ClCompile>
    <ClCompile Include="GameObject.cpp">
      <Filter>To Be Namespaced</Filter>
    </ClCompile>
    <ClCompile Include="Skybox.cpp">
      <Filter>To Be Namespaced</Filter>
    </ClCompile>
    <ClCompile Include="Transform.cpp">
      <Filter>To Be Namespaced</Filter>
    </ClCompile>
    <ClCompile Include="Resource.cpp">
      <Filter>To Be Namespaced\Resources</Filter>
    </ClCompile>
    <ClCompile Include="ObjectLibrary.cpp">
      <Filter>To Be Namespaced</Filter>
    </ClCompile>
    <ClCompile Include="StringUtils.cpp">
      <Filter>To Be Namespaced</Filter>
    </ClCompile>
    <ClCompile Include="SerializedScene.cpp">
      <Filter>To Be Namespaced</Filter>
    </ClCompile>
    <ClCompile Include="Math.cpp">
      <Filter>To Be Namespaced</Filter>
    </ClCompile>
    <ClCompile Include="MaterialResourceSerializer.cpp">
      <Filter>To Be Namespaced\ResourceSerializers</Filter>
    </ClCompile>
    <ClCompile Include="MeshResourceSerializer.cpp">
      <Filter>To Be Namespaced\ResourceSerializers</Filter>
    </ClCompile>
    <ClCompile Include="ResourceSerializerLibrary.cpp">
      <Filter>To Be Namespaced\ResourceSerializers</Filter>
    </ClCompile>
    <ClCompile Include="TextureResourceSerializer.cpp">
      <Filter>To Be Namespaced\ResourceSerializers</Filter>
    </ClCompile>
    <ClCompile Include="CubemapResourceSerializer.cpp">
      <Filter>To Be Namespaced\ResourceSerializers</Filter>
    </ClCompile>
    <ClCompile Include="ShaderResourceSerializer.cpp">
      <Filter>To Be Namespaced\ResourceSerializers</Filter>
    </ClCompile>
    <ClCompile Include="BezierCurveRenderer.cpp">
      <Filter>Ext</Filter>
    </ClCompile>
    <ClCompile Include="BezierPatchMesh.cpp">
      <Filter>Ext</Filter>
    </ClCompile>
    <ClCompile Include="BezierPatchMeshFileLoader.cpp">
      <Filter>Ext</Filter>
    </ClCompile>
    <ClCompile Include="BezierPatchMeshResourceSerializer.cpp">
      <Filter>Ext</Filter>
    </ClCompile>
    <ClCompile Include="BloomFilter.cpp">
      <Filter>Ext</Filter>
    </ClCompile>
    <ClCompile Include="EdgeDetectionFilter.cpp">
      <Filter>Ext</Filter>
    </ClCompile>
    <ClCompile Include="GammaCorrectionFilter.cpp">
      <Filter>Ext</Filter>
    </ClCompile>
    <ClCompile Include="GaussianBlurFilter.cpp">
      <Filter>Ext</Filter>
    </ClCompile>
    <ClCompile Include="ImageProjector.cpp">
      <Filter>Ext</Filter>
    </ClCompile>
    <ClCompile Include="MeshAdjacencyCalculator.cpp">
      <Filter>Ext</Filter>
    </ClCompile>
    <ClCompile Include="MultisampleSwitch.cpp">
      <Filter>Ext</Filter>
    </ClCompile>
    <ClCompile Include="NightVisionFilter.cpp">
      <Filter>Ext</Filter>
    </ClCompile>
    <ClCompile Include="NoiseTexture.cpp">
      <Filter>Ext</Filter>
    </ClCompile>
    <ClCompile Include="ParticleContinuousFountain.cpp">
      <Filter>Ext</Filter>
    </ClCompile>
    <ClCompile Include="ParticleFountain.cpp">
      <Filter>Ext</Filter>
    </ClCompile>
    <ClCompile Include="ParticleInstanced.cpp">
      <Filter>Ext</Filter>
    </ClCompile>
    <ClCompile Include="ParticleSystem.cpp">
      <Filter>Ext</Filter>
    </ClCompile>
    <ClCompile Include="WaveDisplacement.cpp">
      <Filter>Ext</Filter>
    </ClCompile>
    <ClCompile Include="WoodSliceTexture.cpp">
      <Filter>Ext</Filter>
    </ClCompile>
    <ClCompile Include="ShaderSubroutineSwitcher.cpp">
      <Filter>Ext</Filter>
    </ClCompile>
    <ClCompile Include="TessellatingQuad.cpp">
      <Filter>Ext</Filter>
    </ClCompile>
    <ClCompile Include="TessellatedMeshRenderer.cpp">
      <Filter>Ext</Filter>
    </ClCompile>
    <ClCompile Include="InputManager.cpp">
      <Filter>To Be Namespaced\Input</Filter>
    </ClCompile>
    <ClCompile Include="IntRect.cpp">
      <Filter>To Be Namespaced</Filter>
    </ClCompile>
    <ClCompile Include="IntRectangle.cpp">
      <Filter>To Be Namespaced</Filter>
    </ClCompile>
    <ClCompile Include="FileType.cpp">
      <Filter>To Be Namespaced</Filter>
    </ClCompile>
    <ClCompile Include="SpriteSheetResourceSerializer.cpp">
      <Filter>To Be Namespaced\ResourceSerializers</Filter>
    </ClCompile>
    <ClCompile Include="FrameStats.cpp">
      <Filter>DerydocaEngine\Components</Filter>
    </ClCompile>
    <ClCompile Include="KeyboardMover.cpp">
      <Filter>DerydocaEngine\Components</Filter>
    </ClCompile>
    <ClCompile Include="MaterialRefresher.cpp">
      <Filter>DerydocaEngine\Components</Filter>
    </ClCompile>
    <ClCompile Include="RendererComponent.cpp">
      <Filter>DerydocaEngine\Components</Filter>
    </ClCompile>
    <ClCompile Include="Rotator.cpp">
      <Filter>DerydocaEngine\Components</Filter>
    </ClCompile>
    <ClCompile Include="ScreenshotUtil.cpp">
      <Filter>DerydocaEngine\Components</Filter>
    </ClCompile>
    <ClCompile Include="SpriteRenderer.cpp">
      <Filter>DerydocaEngine\Components</Filter>
    </ClCompile>
    <ClCompile Include="Terrain.cpp">
      <Filter>DerydocaEngine\Components</Filter>
    </ClCompile>
    <ClCompile Include="TextRenderer.cpp">
      <Filter>DerydocaEngine\Components</Filter>
    </ClCompile>
    <ClCompile Include="WasdMover.cpp">
      <Filter>DerydocaEngine\Components</Filter>
    </ClCompile>
    <ClCompile Include="GameComponentFactory.cpp">
      <Filter>To Be Namespaced</Filter>
    </ClCompile>
    <ClCompile Include="DebugVisualizer.cpp">
      <Filter>DerydocaEngine\Debug</Filter>
    </ClCompile>
    <ClCompile Include="BezierPatchMeshFileSerializer.cpp">
      <Filter>DerydocaEngine\FileSerializers</Filter>
    </ClCompile>
    <ClCompile Include="FileSerializerLibrary.cpp">
      <Filter>DerydocaEngine\FileSerializers</Filter>
    </ClCompile>
    <ClCompile Include="FileTypeSerializer.cpp">
      <Filter>DerydocaEngine\FileSerializers</Filter>
    </ClCompile>
    <ClCompile Include="FontFileSerializer.cpp">
      <Filter>DerydocaEngine\FileSerializers</Filter>
    </ClCompile>
    <ClCompile Include="ImageFileSerializer.cpp">
      <Filter>DerydocaEngine\FileSerializers</Filter>
    </ClCompile>
    <ClCompile Include="LevelFileSerializer.cpp">
      <Filter>DerydocaEngine\FileSerializers</Filter>
    </ClCompile>
    <ClCompile Include="MaterialFileSerializer.cpp">
      <Filter>DerydocaEngine\FileSerializers</Filter>
    </ClCompile>
    <ClCompile Include="MeshFileSerializer.cpp">
      <Filter>DerydocaEngine\FileSerializers</Filter>
    </ClCompile>
    <ClCompile Include="RasterFontFileSerializer.cpp">
      <Filter>DerydocaEngine\FileSerializers</Filter>
    </ClCompile>
    <ClCompile Include="ShaderFileSerializer.cpp">
      <Filter>DerydocaEngine\FileSerializers</Filter>
    </ClCompile>
    <ClCompile Include="SpriteSheetFileSerializer.cpp">
      <Filter>DerydocaEngine\FileSerializers</Filter>
    </ClCompile>
    <ClCompile Include="Camera.cpp">
      <Filter>DerydocaEngine\Components</Filter>
    </ClCompile>
    <ClCompile Include="Light.cpp">
      <Filter>DerydocaEngine\Components</Filter>
    </ClCompile>
    <ClCompile Include="CameraManager.cpp">
      <Filter>To Be Namespaced</Filter>
    </ClCompile>
    <ClCompile Include="RenderTexture.cpp">
      <Filter>To Be Namespaced</Filter>
    </ClCompile>
    <ClCompile Include="Shader.cpp">
      <Filter>To Be Namespaced</Filter>
    </ClCompile>
    <ClCompile Include="ShaderLibrary.cpp">
      <Filter>To Be Namespaced</Filter>
    </ClCompile>
    <ClCompile Include="ShadowMap.cpp">
      <Filter>To Be Namespaced</Filter>
    </ClCompile>
    <ClCompile Include="Texture.cpp">
      <Filter>To Be Namespaced</Filter>
    </ClCompile>
    <ClCompile Include="Clock.cpp">
      <Filter>DerydocaEngine\Timing</Filter>
    </ClCompile>
    <ClCompile Include="CommandLineArgs.cpp">
      <Filter>DerydocaEngine\Execution</Filter>
    </ClCompile>
    <ClCompile Include="Editor.cpp">
      <Filter>DerydocaEngine\Execution</Filter>
    </ClCompile>
    <ClCompile Include="TexturePackerTextureData.cpp">
      <Filter>DerydocaEngine\Utilities</Filter>
    </ClCompile>
    <ClCompile Include="TexturePackerImage.cpp">
      <Filter>DerydocaEngine\Utilities</Filter>
    </ClCompile>
    <ClCompile Include="TexturePacker.cpp">
      <Filter>DerydocaEngine\Utilities</Filter>
    </ClCompile>
    <ClCompile Include="FontFace.cpp">
      <Filter>DerydocaEngine\UI</Filter>
    </ClCompile>
    <ClCompile Include="SpriteSheet.cpp">
      <Filter>DerydocaEngine\UI</Filter>
    </ClCompile>
    <ClCompile Include="Material.cpp">
      <Filter>DerydocaEngine\Rendering</Filter>
    </ClCompile>
    <ClCompile Include="EngineSettings.cpp">
      <Filter>DerydocaEngine\Settings</Filter>
    </ClCompile>
    <ClCompile Include="LightManager.cpp">
      <Filter>DerydocaEngine\Rendering</Filter>
    </ClCompile>
    <ClCompile Include="Mesh.cpp">
      <Filter>DerydocaEngine\Rendering</Filter>
    </ClCompile>
    <ClCompile Include="MeshRenderer.cpp">
      <Filter>DerydocaEngine\Components</Filter>
    </ClCompile>
  </ItemGroup>
  <ItemGroup>
    <ClInclude Include="ButtonState.h">
      <Filter>To Be Namespaced\Input</Filter>
    </ClInclude>
    <ClInclude Include="Key.h">
      <Filter>To Be Namespaced\Input</Filter>
    </ClInclude>
    <ClInclude Include="Keyboard.h">
      <Filter>To Be Namespaced\Input</Filter>
    </ClInclude>
    <ClInclude Include="Mouse.h">
      <Filter>To Be Namespaced\Input</Filter>
    </ClInclude>
    <ClInclude Include="MatrixStack.h">
      <Filter>To Be Namespaced</Filter>
    </ClInclude>
    <ClInclude Include="Display.h">
      <Filter>To Be Namespaced</Filter>
    </ClInclude>
    <ClInclude Include="GameComponent.h">
      <Filter>To Be Namespaced</Filter>
    </ClInclude>
    <ClInclude Include="GameObject.h">
      <Filter>To Be Namespaced</Filter>
    </ClInclude>
    <ClInclude Include="Transform.h">
      <Filter>To Be Namespaced</Filter>
    </ClInclude>
    <ClInclude Include="Skybox.h">
      <Filter>To Be Namespaced</Filter>
    </ClInclude>
    <ClInclude Include="Color.h">
      <Filter>To Be Namespaced</Filter>
    </ClInclude>
    <ClInclude Include="YamlTools.h">
      <Filter>To Be Namespaced</Filter>
    </ClInclude>
    <ClInclude Include="Rectangle.h">
      <Filter>To Be Namespaced</Filter>
    </ClInclude>
    <ClInclude Include="GLError.h">
      <Filter>To Be Namespaced</Filter>
    </ClInclude>
    <ClInclude Include="MeshResource.h">
      <Filter>To Be Namespaced\Resources</Filter>
    </ClInclude>
    <ClInclude Include="ResourceType.h">
      <Filter>To Be Namespaced\Resources</Filter>
    </ClInclude>
    <ClInclude Include="Resource.h">
      <Filter>To Be Namespaced\Resources</Filter>
    </ClInclude>
    <ClInclude Include="ObjectLibrary.h">
      <Filter>To Be Namespaced</Filter>
    </ClInclude>
    <ClInclude Include="StringUtils.h">
      <Filter>To Be Namespaced</Filter>
    </ClInclude>
    <ClInclude Include="SerializedScene.h">
      <Filter>To Be Namespaced</Filter>
    </ClInclude>
    <ClInclude Include="Math.h">
      <Filter>To Be Namespaced</Filter>
    </ClInclude>
    <ClInclude Include="SceneObject.h">
      <Filter>To Be Namespaced</Filter>
    </ClInclude>
    <ClInclude Include="Scene.h">
      <Filter>To Be Namespaced</Filter>
    </ClInclude>
    <ClInclude Include="ResourceSerializer.h">
      <Filter>To Be Namespaced\ResourceSerializers</Filter>
    </ClInclude>
    <ClInclude Include="MaterialResourceSerializer.h">
      <Filter>To Be Namespaced\ResourceSerializers</Filter>
    </ClInclude>
    <ClInclude Include="MeshResourceSerializer.h">
      <Filter>To Be Namespaced\ResourceSerializers</Filter>
    </ClInclude>
    <ClInclude Include="ResourceSerializerLibrary.h">
      <Filter>To Be Namespaced\ResourceSerializers</Filter>
    </ClInclude>
    <ClInclude Include="TextureResourceSerializer.h">
      <Filter>To Be Namespaced\ResourceSerializers</Filter>
    </ClInclude>
    <ClInclude Include="CubemapResourceSerializer.h">
      <Filter>To Be Namespaced\ResourceSerializers</Filter>
    </ClInclude>
    <ClInclude Include="CubemapResource.h">
      <Filter>To Be Namespaced\Resources</Filter>
    </ClInclude>
    <ClInclude Include="ShaderResource.h">
      <Filter>To Be Namespaced\Resources</Filter>
    </ClInclude>
    <ClInclude Include="ShaderResourceSerializer.h">
      <Filter>To Be Namespaced\ResourceSerializers</Filter>
    </ClInclude>
    <ClInclude Include="BezierCurveRenderer.h">
      <Filter>Ext</Filter>
    </ClInclude>
    <ClInclude Include="BezierPatchMesh.h">
      <Filter>Ext</Filter>
    </ClInclude>
    <ClInclude Include="BezierPatchMeshFileLoader.h">
      <Filter>Ext</Filter>
    </ClInclude>
    <ClInclude Include="BezierPatchMeshResourceSerializer.h">
      <Filter>Ext</Filter>
    </ClInclude>
    <ClInclude Include="BloomFilter.h">
      <Filter>Ext</Filter>
    </ClInclude>
    <ClInclude Include="EdgeDetectionFilter.h">
      <Filter>Ext</Filter>
    </ClInclude>
    <ClInclude Include="GammaCorrectionFilter.h">
      <Filter>Ext</Filter>
    </ClInclude>
    <ClInclude Include="GaussianBlurFilter.h">
      <Filter>Ext</Filter>
    </ClInclude>
    <ClInclude Include="ImageProjector.h">
      <Filter>Ext</Filter>
    </ClInclude>
    <ClInclude Include="MeshAdjacencyCalculator.h">
      <Filter>Ext</Filter>
    </ClInclude>
    <ClInclude Include="MultisampleSwitch.h">
      <Filter>Ext</Filter>
    </ClInclude>
    <ClInclude Include="NightVisionFilter.h">
      <Filter>Ext</Filter>
    </ClInclude>
    <ClInclude Include="NoiseTexture.h">
      <Filter>Ext</Filter>
    </ClInclude>
    <ClInclude Include="ParticleContinuousFountain.h">
      <Filter>Ext</Filter>
    </ClInclude>
    <ClInclude Include="ParticleFountain.h">
      <Filter>Ext</Filter>
    </ClInclude>
    <ClInclude Include="ParticleInstanced.h">
      <Filter>Ext</Filter>
    </ClInclude>
    <ClInclude Include="ParticleSystem.h">
      <Filter>Ext</Filter>
    </ClInclude>
    <ClInclude Include="WoodSliceTexture.h">
      <Filter>Ext</Filter>
    </ClInclude>
    <ClInclude Include="WaveDisplacement.h">
      <Filter>Ext</Filter>
    </ClInclude>
    <ClInclude Include="ShaderSubroutineSwitcher.h">
      <Filter>Ext</Filter>
    </ClInclude>
    <ClInclude Include="TessellatingQuad.h">
      <Filter>Ext</Filter>
    </ClInclude>
    <ClInclude Include="TessellatedMeshRenderer.h">
      <Filter>Ext</Filter>
    </ClInclude>
    <ClInclude Include="InputManager.h">
      <Filter>To Be Namespaced\Input</Filter>
    </ClInclude>
    <ClInclude Include="IntRect.h">
      <Filter>To Be Namespaced</Filter>
    </ClInclude>
    <ClInclude Include="IntRectangle.h">
      <Filter>To Be Namespaced</Filter>
    </ClInclude>
    <ClInclude Include="FileType.h">
      <Filter>To Be Namespaced</Filter>
    </ClInclude>
    <ClInclude Include="TextureParameters.h">
      <Filter>To Be Namespaced</Filter>
    </ClInclude>
    <ClInclude Include="Rect.h">
      <Filter>To Be Namespaced</Filter>
    </ClInclude>
    <ClInclude Include="stb_image.h">
      <Filter>Third Party</Filter>
    </ClInclude>
    <ClInclude Include="stb_image_write.h">
      <Filter>Third Party</Filter>
    </ClInclude>
    <ClInclude Include="SpriteSheetResourceSerializer.h">
      <Filter>To Be Namespaced\ResourceSerializers</Filter>
    </ClInclude>
    <ClInclude Include="FrameStats.h">
      <Filter>DerydocaEngine\Components</Filter>
    </ClInclude>
    <ClInclude Include="WasdMover.h">
      <Filter>DerydocaEngine\Components</Filter>
    </ClInclude>
    <ClInclude Include="KeyboardMover.h">
      <Filter>DerydocaEngine\Components</Filter>
    </ClInclude>
    <ClInclude Include="MaterialRefresher.h">
      <Filter>DerydocaEngine\Components</Filter>
    </ClInclude>
    <ClInclude Include="RendererComponent.h">
      <Filter>DerydocaEngine\Components</Filter>
    </ClInclude>
    <ClInclude Include="Rotator.h">
      <Filter>DerydocaEngine\Components</Filter>
    </ClInclude>
    <ClInclude Include="ScreenshotUtil.h">
      <Filter>DerydocaEngine\Components</Filter>
    </ClInclude>
    <ClInclude Include="SpriteRenderer.h">
      <Filter>DerydocaEngine\Components</Filter>
    </ClInclude>
    <ClInclude Include="Terrain.h">
      <Filter>DerydocaEngine\Components</Filter>
    </ClInclude>
    <ClInclude Include="TextRenderer.h">
      <Filter>DerydocaEngine\Components</Filter>
    </ClInclude>
    <ClInclude Include="GameComponentFactory.h">
      <Filter>To Be Namespaced</Filter>
    </ClInclude>
    <ClInclude Include="DebugLine.h">
      <Filter>DerydocaEngine\Debug</Filter>
    </ClInclude>
    <ClInclude Include="DebugVisualizer.h">
      <Filter>DerydocaEngine\Debug</Filter>
    </ClInclude>
    <ClInclude Include="BezierPatchMeshFileSerializer.h">
      <Filter>DerydocaEngine\FileSerializers</Filter>
    </ClInclude>
    <ClInclude Include="FileSerializerLibrary.h">
      <Filter>DerydocaEngine\FileSerializers</Filter>
    </ClInclude>
    <ClInclude Include="FileTypeSerializer.h">
      <Filter>DerydocaEngine\FileSerializers</Filter>
    </ClInclude>
    <ClInclude Include="FontFileSerializer.h">
      <Filter>DerydocaEngine\FileSerializers</Filter>
    </ClInclude>
    <ClInclude Include="ImageFileSerializer.h">
      <Filter>DerydocaEngine\FileSerializers</Filter>
    </ClInclude>
    <ClInclude Include="LevelFileSerializer.h">
      <Filter>DerydocaEngine\FileSerializers</Filter>
    </ClInclude>
    <ClInclude Include="MaterialFileSerializer.h">
      <Filter>DerydocaEngine\FileSerializers</Filter>
    </ClInclude>
    <ClInclude Include="MeshFileSerializer.h">
      <Filter>DerydocaEngine\FileSerializers</Filter>
    </ClInclude>
    <ClInclude Include="RasterFontFileSerializer.h">
      <Filter>DerydocaEngine\FileSerializers</Filter>
    </ClInclude>
    <ClInclude Include="ShaderFileSerializer.h">
      <Filter>DerydocaEngine\FileSerializers</Filter>
    </ClInclude>
    <ClInclude Include="SpriteSheetFileSerializer.h">
      <Filter>DerydocaEngine\FileSerializers</Filter>
    </ClInclude>
    <ClInclude Include="Camera.h">
      <Filter>DerydocaEngine\Components</Filter>
    </ClInclude>
    <ClInclude Include="Light.h">
      <Filter>DerydocaEngine\Components</Filter>
    </ClInclude>
    <ClInclude Include="Texture.h">
      <Filter>To Be Namespaced</Filter>
    </ClInclude>
    <ClInclude Include="CameraManager.h">
      <Filter>To Be Namespaced</Filter>
    </ClInclude>
    <ClInclude Include="DisplayManager.h">
      <Filter>To Be Namespaced</Filter>
    </ClInclude>
    <ClInclude Include="MeshFlags.h">
      <Filter>To Be Namespaced</Filter>
    </ClInclude>
    <ClInclude Include="Projection.h">
      <Filter>To Be Namespaced</Filter>
    </ClInclude>
    <ClInclude Include="RenderPass.h">
      <Filter>To Be Namespaced</Filter>
    </ClInclude>
    <ClInclude Include="RenderTexture.h">
      <Filter>To Be Namespaced</Filter>
    </ClInclude>
    <ClInclude Include="Shader.h">
      <Filter>To Be Namespaced</Filter>
    </ClInclude>
    <ClInclude Include="ShaderLibrary.h">
      <Filter>To Be Namespaced</Filter>
    </ClInclude>
    <ClInclude Include="ShadowMap.h">
      <Filter>To Be Namespaced</Filter>
    </ClInclude>
    <ClInclude Include="Clock.h">
      <Filter>DerydocaEngine\Timing</Filter>
    </ClInclude>
    <ClInclude Include="CommandLineArgs.h">
      <Filter>DerydocaEngine\Execution</Filter>
    </ClInclude>
    <ClInclude Include="Editor.h">
      <Filter>DerydocaEngine\Execution</Filter>
    </ClInclude>
    <ClInclude Include="TexturePackerTextureData.h">
      <Filter>DerydocaEngine\Utilities</Filter>
    </ClInclude>
    <ClInclude Include="TexturePackerImage.h">
      <Filter>DerydocaEngine\Utilities</Filter>
    </ClInclude>
    <ClInclude Include="TexturePacker.h">
      <Filter>DerydocaEngine\Utilities</Filter>
    </ClInclude>
    <ClInclude Include="FontFace.h">
      <Filter>DerydocaEngine\UI</Filter>
    </ClInclude>
    <ClInclude Include="SpriteReference.h">
      <Filter>DerydocaEngine\UI</Filter>
    </ClInclude>
    <ClInclude Include="SpriteSheet.h">
      <Filter>DerydocaEngine\UI</Filter>
    </ClInclude>
    <ClInclude Include="Material.h">
      <Filter>DerydocaEngine\Rendering</Filter>
    </ClInclude>
    <ClInclude Include="EngineSettings.h">
      <Filter>DerydocaEngine\Settings</Filter>
    </ClInclude>
    <ClInclude Include="LightManager.h">
      <Filter>DerydocaEngine\Rendering</Filter>
    </ClInclude>
    <ClInclude Include="Mesh.h">
      <Filter>DerydocaEngine\Rendering</Filter>
    </ClInclude>
    <ClInclude Include="MeshRenderer.h">
      <Filter>DerydocaEngine\Components</Filter>
    </ClInclude>
    <ClInclude Include="LinkedList.h">
      <Filter>DerydocaEngine\DataStructures</Filter>
    </ClInclude>
    <ClInclude Include="LinkedListNode.h">
      <Filter>DerydocaEngine\DataStructures</Filter>
    </ClInclude>
  </ItemGroup>
  <ItemGroup>
    <Filter Include="Third Party">
      <UniqueIdentifier>{4d0b2468-5cec-4cd5-9860-20bc68f256f4}</UniqueIdentifier>
    </Filter>
    <Filter Include="Ext">
      <UniqueIdentifier>{5b82a275-1631-4c19-b79f-5bc532c894a3}</UniqueIdentifier>
    </Filter>
    <Filter Include="To Be Namespaced">
      <UniqueIdentifier>{d5f7487a-6aba-493d-9dc7-f8f6a078d052}</UniqueIdentifier>
    </Filter>
    <Filter Include="To Be Namespaced\Resources">
      <UniqueIdentifier>{39a6eafb-ac19-4fe7-93a3-831a7932737e}</UniqueIdentifier>
    </Filter>
    <Filter Include="To Be Namespaced\ResourceSerializers">
      <UniqueIdentifier>{7eac81a0-a90a-4d89-85dd-89c2d08d44f4}</UniqueIdentifier>
    </Filter>
    <Filter Include="To Be Namespaced\Input">
      <UniqueIdentifier>{9e9a0417-56b9-440e-8db7-c98e7c5dc0ca}</UniqueIdentifier>
    </Filter>
    <Filter Include="DerydocaEngine">
      <UniqueIdentifier>{8a96ec53-358e-4171-8093-2897131244a7}</UniqueIdentifier>
    </Filter>
    <Filter Include="DerydocaEngine\Components">
      <UniqueIdentifier>{f9dca820-4483-4eca-8944-fed01e0d29ec}</UniqueIdentifier>
    </Filter>
    <Filter Include="DerydocaEngine\Debug">
      <UniqueIdentifier>{844921ae-5486-491d-a1db-4d0d749b83bd}</UniqueIdentifier>
    </Filter>
    <Filter Include="DerydocaEngine\FileSerializers">
      <UniqueIdentifier>{8a7abadd-a412-47d5-9817-5b62b77bfb9c}</UniqueIdentifier>
    </Filter>
    <Filter Include="DerydocaEngine\Timing">
      <UniqueIdentifier>{8e73d9d7-2b1f-4b22-b157-6dae032dbd4c}</UniqueIdentifier>
    </Filter>
    <Filter Include="DerydocaEngine\Execution">
      <UniqueIdentifier>{6381d05b-6d2d-4058-8429-6216f7abf7cb}</UniqueIdentifier>
    </Filter>
    <Filter Include="DerydocaEngine\Utilities">
      <UniqueIdentifier>{5f2f50a1-f520-4ac5-bd3b-edef331f3275}</UniqueIdentifier>
    </Filter>
    <Filter Include="DerydocaEngine\UI">
      <UniqueIdentifier>{8c249674-05d7-4e86-9ede-a8bc21052dbf}</UniqueIdentifier>
    </Filter>
    <Filter Include="DerydocaEngine\Rendering">
      <UniqueIdentifier>{8040a872-6ad7-4414-bd12-2ad0f81703a0}</UniqueIdentifier>
    </Filter>
    <Filter Include="DerydocaEngine\Settings">
      <UniqueIdentifier>{6118eef6-bc27-4334-8342-5bdc8c6a1373}</UniqueIdentifier>
    </Filter>
    <Filter Include="DerydocaEngine\DataStructures">
      <UniqueIdentifier>{4337cc73-5993-4698-bd20-4cd1b2990217}</UniqueIdentifier>
    </Filter>
  </ItemGroup>
</Project>