<?xml version="1.0" encoding="utf-8"?>
<Project ToolsVersion="4.0" xmlns="http://schemas.microsoft.com/developer/msbuild/2003">
  <ItemGroup>
    <ClCompile Include="main.cpp" />
    <ClCompile Include="WasdMover.cpp">
      <Filter>Game Components</Filter>
    </ClCompile>
    <ClCompile Include="ScreenshotUtil.cpp">
      <Filter>Game Components</Filter>
    </ClCompile>
    <ClCompile Include="Rotator.cpp">
      <Filter>Game Components</Filter>
    </ClCompile>
    <ClCompile Include="Terrain.cpp">
      <Filter>Game Components</Filter>
    </ClCompile>
    <ClCompile Include="ButtonState.cpp">
      <Filter>Input</Filter>
    </ClCompile>
    <ClCompile Include="Keyboard.cpp">
      <Filter>Input</Filter>
    </ClCompile>
    <ClCompile Include="Mouse.cpp">
      <Filter>Input</Filter>
    </ClCompile>
    <ClCompile Include="Clock.cpp">
      <Filter>Engine</Filter>
    </ClCompile>
    <ClCompile Include="Display.cpp">
      <Filter>Engine</Filter>
    </ClCompile>
    <ClCompile Include="GameObject.cpp">
      <Filter>Engine</Filter>
    </ClCompile>
    <ClCompile Include="EngineSettings.cpp">
      <Filter>Engine</Filter>
    </ClCompile>
    <ClCompile Include="Skybox.cpp">
      <Filter>Engine</Filter>
    </ClCompile>
    <ClCompile Include="Camera.cpp">
      <Filter>Engine\Rendering</Filter>
    </ClCompile>
    <ClCompile Include="MeshRenderer.cpp">
      <Filter>Engine\Rendering</Filter>
    </ClCompile>
    <ClCompile Include="CameraManager.cpp">
      <Filter>Engine\Rendering</Filter>
    </ClCompile>
    <ClCompile Include="Mesh.cpp">
      <Filter>Engine\Rendering</Filter>
    </ClCompile>
    <ClCompile Include="Texture.cpp">
      <Filter>Engine\Rendering</Filter>
    </ClCompile>
    <ClCompile Include="Material.cpp">
      <Filter>Engine\Rendering</Filter>
    </ClCompile>
    <ClCompile Include="RenderTexture.cpp">
      <Filter>Engine\Rendering</Filter>
    </ClCompile>
    <ClCompile Include="DebugLine.cpp">
      <Filter>Engine\Debug</Filter>
    </ClCompile>
    <ClCompile Include="DebugVisualizer.cpp">
      <Filter>Engine\Debug</Filter>
    </ClCompile>
    <ClCompile Include="ShadowMap.cpp">
      <Filter>Engine\Rendering</Filter>
    </ClCompile>
    <ClCompile Include="Shader.cpp">
      <Filter>Engine\Rendering</Filter>
    </ClCompile>
    <ClCompile Include="ShaderManager.cpp">
      <Filter>Engine\Rendering</Filter>
    </ClCompile>
    <ClCompile Include="Light.cpp">
      <Filter>Engine\Rendering</Filter>
    </ClCompile>
    <ClCompile Include="Transform.cpp">
      <Filter>Engine</Filter>
    </ClCompile>
    <ClCompile Include="KeyboardMover.cpp">
      <Filter>Game Components</Filter>
    </ClCompile>
    <ClCompile Include="LightManager.cpp">
      <Filter>Engine</Filter>
    </ClCompile>
    <ClCompile Include="MaterialRefresher.cpp">
      <Filter>Game Components</Filter>
    </ClCompile>
    <ClCompile Include="MeshResource.cpp">
      <Filter>Engine\Resources</Filter>
    </ClCompile>
    <ClCompile Include="Resource.cpp">
      <Filter>Engine\Resources</Filter>
    </ClCompile>
    <ClCompile Include="ObjectLibrary.cpp">
      <Filter>Engine</Filter>
    </ClCompile>
    <ClCompile Include="StringUtils.cpp">
      <Filter>Engine</Filter>
    </ClCompile>
    <ClCompile Include="SerializedScene.cpp">
      <Filter>Engine</Filter>
    </ClCompile>
    <ClCompile Include="Math.cpp">
      <Filter>Engine</Filter>
    </ClCompile>
    <ClCompile Include="MaterialFileSerializer.cpp">
      <Filter>Engine\FileSerializers</Filter>
    </ClCompile>
    <ClCompile Include="MeshFileSerializer.cpp">
      <Filter>Engine\FileSerializers</Filter>
    </ClCompile>
    <ClCompile Include="FileTypeSerializer.cpp">
      <Filter>Engine\FileSerializers</Filter>
    </ClCompile>
    <ClCompile Include="FileSerializerLibrary.cpp">
      <Filter>Engine\FileSerializers</Filter>
    </ClCompile>
    <ClCompile Include="FileType.cpp" />
    <ClCompile Include="ResourceSerializer.cpp">
      <Filter>Engine\ResourceSerializers</Filter>
    </ClCompile>
    <ClCompile Include="MaterialResourceSerializer.cpp">
      <Filter>Engine\ResourceSerializers</Filter>
    </ClCompile>
    <ClCompile Include="MeshResourceSerializer.cpp">
      <Filter>Engine\ResourceSerializers</Filter>
    </ClCompile>
    <ClCompile Include="ResourceSerializerLibrary.cpp">
      <Filter>Engine\ResourceSerializers</Filter>
    </ClCompile>
    <ClCompile Include="GameComponentFactory.cpp">
      <Filter>Game Components</Filter>
    </ClCompile>
    <ClCompile Include="InputManager.cpp" />
    <ClCompile Include="ImageFileSerializer.cpp">
      <Filter>Engine\FileSerializers</Filter>
    </ClCompile>
    <ClCompile Include="TextureResourceSerializer.cpp">
      <Filter>Engine\ResourceSerializers</Filter>
    </ClCompile>
    <ClCompile Include="CubemapResourceSerializer.cpp">
      <Filter>Engine\ResourceSerializers</Filter>
    </ClCompile>
    <ClCompile Include="LevelFileSerializer.cpp">
      <Filter>Engine\FileSerializers</Filter>
    </ClCompile>
    <ClCompile Include="Editor.cpp">
      <Filter>Engine</Filter>
    </ClCompile>
    <ClCompile Include="ShaderFileSerializer.cpp">
      <Filter>Engine\FileSerializers</Filter>
    </ClCompile>
    <ClCompile Include="ShaderResourceSerializer.cpp">
      <Filter>Engine\ResourceSerializers</Filter>
    </ClCompile>
    <ClCompile Include="CommandLineArgs.cpp" />
  </ItemGroup>
  <ItemGroup>
    <ClInclude Include="WasdMover.h">
      <Filter>Game Components</Filter>
    </ClInclude>
    <ClInclude Include="ScreenshotUtil.h">
      <Filter>Game Components</Filter>
    </ClInclude>
    <ClInclude Include="Rotator.h">
      <Filter>Game Components</Filter>
    </ClInclude>
    <ClInclude Include="Terrain.h">
      <Filter>Game Components</Filter>
    </ClInclude>
    <ClInclude Include="ButtonState.h">
      <Filter>Input</Filter>
    </ClInclude>
    <ClInclude Include="Key.h">
      <Filter>Input</Filter>
    </ClInclude>
    <ClInclude Include="Keyboard.h">
      <Filter>Input</Filter>
    </ClInclude>
    <ClInclude Include="Mouse.h">
      <Filter>Input</Filter>
    </ClInclude>
    <ClInclude Include="Clock.h">
      <Filter>Engine</Filter>
    </ClInclude>
    <ClInclude Include="MatrixStack.h">
      <Filter>Engine</Filter>
    </ClInclude>
    <ClInclude Include="Display.h">
      <Filter>Engine</Filter>
    </ClInclude>
    <ClInclude Include="GameComponent.h">
      <Filter>Engine</Filter>
    </ClInclude>
    <ClInclude Include="GameObject.h">
      <Filter>Engine</Filter>
    </ClInclude>
    <ClInclude Include="EngineSettings.h">
      <Filter>Engine</Filter>
    </ClInclude>
    <ClInclude Include="Transform.h">
      <Filter>Engine</Filter>
    </ClInclude>
    <ClInclude Include="Skybox.h">
      <Filter>Engine</Filter>
    </ClInclude>
    <ClInclude Include="LinkedList.h">
      <Filter>Engine</Filter>
    </ClInclude>
    <ClInclude Include="LinkedListNode.h">
      <Filter>Engine</Filter>
    </ClInclude>
    <ClInclude Include="Color.h">
      <Filter>Engine</Filter>
    </ClInclude>
    <ClInclude Include="YamlTools.h">
      <Filter>Engine</Filter>
    </ClInclude>
    <ClInclude Include="Camera.h">
      <Filter>Engine\Rendering</Filter>
    </ClInclude>
    <ClInclude Include="MeshRenderer.h">
      <Filter>Engine\Rendering</Filter>
    </ClInclude>
    <ClInclude Include="CameraManager.h">
      <Filter>Engine\Rendering</Filter>
    </ClInclude>
    <ClInclude Include="Mesh.h">
      <Filter>Engine\Rendering</Filter>
    </ClInclude>
    <ClInclude Include="Texture.h">
      <Filter>Engine\Rendering</Filter>
    </ClInclude>
    <ClInclude Include="Material.h">
      <Filter>Engine\Rendering</Filter>
    </ClInclude>
    <ClInclude Include="RenderTexture.h">
      <Filter>Engine\Rendering</Filter>
    </ClInclude>
    <ClInclude Include="Rectangle.h">
      <Filter>Engine</Filter>
    </ClInclude>
    <ClInclude Include="DebugLine.h">
      <Filter>Engine\Debug</Filter>
    </ClInclude>
    <ClInclude Include="DebugVisualizer.h">
      <Filter>Engine\Debug</Filter>
    </ClInclude>
    <ClInclude Include="GLError.h">
      <Filter>Engine</Filter>
    </ClInclude>
    <ClInclude Include="ShadowMap.h">
      <Filter>Engine\Rendering</Filter>
    </ClInclude>
    <ClInclude Include="Shader.h">
      <Filter>Engine\Rendering</Filter>
    </ClInclude>
    <ClInclude Include="ShaderManager.h">
      <Filter>Engine\Rendering</Filter>
    </ClInclude>
    <ClInclude Include="Light.h">
      <Filter>Engine\Rendering</Filter>
    </ClInclude>
    <ClInclude Include="KeyboardMover.h">
      <Filter>Game Components</Filter>
    </ClInclude>
    <ClInclude Include="LightManager.h">
      <Filter>Engine</Filter>
    </ClInclude>
    <ClInclude Include="MaterialRefresher.h">
      <Filter>Game Components</Filter>
    </ClInclude>
    <ClInclude Include="MeshResource.h">
      <Filter>Engine\Resources</Filter>
    </ClInclude>
    <ClInclude Include="ResourceType.h">
      <Filter>Engine\Resources</Filter>
    </ClInclude>
    <ClInclude Include="Resource.h">
      <Filter>Engine\Resources</Filter>
    </ClInclude>
    <ClInclude Include="ObjectLibrary.h">
      <Filter>Engine</Filter>
    </ClInclude>
    <ClInclude Include="StringUtils.h">
      <Filter>Engine</Filter>
    </ClInclude>
    <ClInclude Include="SerializedScene.h">
      <Filter>Engine</Filter>
    </ClInclude>
    <ClInclude Include="Math.h">
      <Filter>Engine</Filter>
    </ClInclude>
    <ClInclude Include="SceneObject.h">
      <Filter>Engine</Filter>
    </ClInclude>
    <ClInclude Include="Scene.h">
      <Filter>Engine</Filter>
    </ClInclude>
    <ClInclude Include="MaterialFileSerializer.h">
      <Filter>Engine\FileSerializers</Filter>
    </ClInclude>
    <ClInclude Include="MeshFileSerializer.h">
      <Filter>Engine\FileSerializers</Filter>
    </ClInclude>
    <ClInclude Include="FileTypeSerializer.h">
      <Filter>Engine\FileSerializers</Filter>
    </ClInclude>
    <ClInclude Include="FileSerializerLibrary.h">
      <Filter>Engine\FileSerializers</Filter>
    </ClInclude>
    <ClInclude Include="FileType.h" />
    <ClInclude Include="ResourceSerializer.h">
      <Filter>Engine\ResourceSerializers</Filter>
    </ClInclude>
    <ClInclude Include="MaterialResourceSerializer.h">
      <Filter>Engine\ResourceSerializers</Filter>
    </ClInclude>
    <ClInclude Include="MeshResourceSerializer.h">
      <Filter>Engine\ResourceSerializers</Filter>
    </ClInclude>
    <ClInclude Include="ResourceSerializerLibrary.h">
      <Filter>Engine\ResourceSerializers</Filter>
    </ClInclude>
    <ClInclude Include="GameComponentFactory.h">
      <Filter>Game Components</Filter>
    </ClInclude>
    <ClInclude Include="DisplayManager.h">
      <Filter>Engine\Rendering</Filter>
    </ClInclude>
    <ClInclude Include="InputManager.h" />
    <ClInclude Include="ImageFileSerializer.h">
      <Filter>Engine\FileSerializers</Filter>
    </ClInclude>
    <ClInclude Include="TextureResourceSerializer.h">
      <Filter>Engine\ResourceSerializers</Filter>
    </ClInclude>
    <ClInclude Include="CubemapResourceSerializer.h">
      <Filter>Engine\ResourceSerializers</Filter>
    </ClInclude>
    <ClInclude Include="CubemapResource.h">
      <Filter>Engine\Resources</Filter>
    </ClInclude>
    <ClInclude Include="LevelFileSerializer.h">
      <Filter>Engine\FileSerializers</Filter>
    </ClInclude>
    <ClInclude Include="Editor.h">
      <Filter>Engine</Filter>
    </ClInclude>
    <ClInclude Include="ShaderResource.h">
      <Filter>Engine\Resources</Filter>
    </ClInclude>
    <ClInclude Include="ShaderFileSerializer.h">
      <Filter>Engine\FileSerializers</Filter>
    </ClInclude>
    <ClInclude Include="ShaderResourceSerializer.h">
      <Filter>Engine\ResourceSerializers</Filter>
    </ClInclude>
    <ClInclude Include="CommandLineArgs.h" />
  </ItemGroup>
  <ItemGroup>
    <Filter Include="Game Components">
      <UniqueIdentifier>{6de40de1-1620-4246-9a36-f184d4e2e99a}</UniqueIdentifier>
    </Filter>
    <Filter Include="Input">
      <UniqueIdentifier>{9e9a0417-56b9-440e-8db7-c98e7c5dc0ca}</UniqueIdentifier>
    </Filter>
    <Filter Include="Engine">
      <UniqueIdentifier>{d5f7487a-6aba-493d-9dc7-f8f6a078d052}</UniqueIdentifier>
    </Filter>
    <Filter Include="Engine\Rendering">
      <UniqueIdentifier>{bdeaa5cf-a63b-493b-9757-72bcfc291a9d}</UniqueIdentifier>
    </Filter>
    <Filter Include="Engine\Debug">
      <UniqueIdentifier>{927235fe-be96-458a-8f36-9cbd90f48ec7}</UniqueIdentifier>
    </Filter>
    <Filter Include="Engine\Resources">
      <UniqueIdentifier>{39a6eafb-ac19-4fe7-93a3-831a7932737e}</UniqueIdentifier>
    </Filter>
    <Filter Include="Engine\FileSerializers">
      <UniqueIdentifier>{2986fdc5-b7d0-41f8-ac17-50fcd646a29b}</UniqueIdentifier>
    </Filter>
    <Filter Include="Engine\ResourceSerializers">
      <UniqueIdentifier>{7eac81a0-a90a-4d89-85dd-89c2d08d44f4}</UniqueIdentifier>
    </Filter>
  </ItemGroup>
</Project>