<?xml version="1.0" encoding="utf-8"?>
<Project ToolsVersion="4.0" xmlns="http://schemas.microsoft.com/developer/msbuild/2003">
  <ItemGroup>
    <Filter Include="Components">
      <UniqueIdentifier>{6B7DD516-5735-1764-C03C-F0BFAC13B254}</UniqueIdentifier>
    </Filter>
    <Filter Include="Components\SceneCameraInput">
      <UniqueIdentifier>{E176BFD5-4D84-EDBB-D66A-E9A64277B972}</UniqueIdentifier>
    </Filter>
    <Filter Include="Editor">
      <UniqueIdentifier>{8C1A20B0-78BC-4A86-6177-5EDA4DB8D1D6}</UniqueIdentifier>
    </Filter>
    <Filter Include="Editor\ComponentInspectors">
      <UniqueIdentifier>{787EAA81-648E-5652-CD47-BB70B97645EB}</UniqueIdentifier>
    </Filter>
    <Filter Include="Editor\ComponentInspectorsExt">
      <UniqueIdentifier>{E9C0C45E-55D9-AB88-1E86-3B228A5D4022}</UniqueIdentifier>
    </Filter>
  </ItemGroup>
  <ItemGroup>
    <ClInclude Include="src\Components\AnimationViewerWindow.h">
      <Filter>Components</Filter>
    </ClInclude>
    <ClInclude Include="src\Components\EditorCameraWindow.h">
      <Filter>Components</Filter>
    </ClInclude>
    <ClInclude Include="src\Components\EditorWindowComponent.h">
      <Filter>Components</Filter>
    </ClInclude>
    <ClInclude Include="src\Components\EngineAssetBrowser.h">
      <Filter>Components</Filter>
    </ClInclude>
    <ClInclude Include="src\Components\EngineConsole.h">
      <Filter>Components</Filter>
    </ClInclude>
    <ClInclude Include="src\Components\InspectorWindow.h">
      <Filter>Components</Filter>
    </ClInclude>
    <ClInclude Include="src\Components\SceneCameraInput\OrbitalControlStrategy.h">
      <Filter>Components\SceneCameraInput</Filter>
    </ClInclude>
    <ClInclude Include="src\Components\SceneCameraInput\SceneCameraInputStrategy.h">
      <Filter>Components\SceneCameraInput</Filter>
    </ClInclude>
    <ClInclude Include="src\Components\SceneCameraInput\WasdControlStrategy.h">
      <Filter>Components\SceneCameraInput</Filter>
    </ClInclude>
    <ClInclude Include="src\Components\SceneHierarchyWindow.h">
      <Filter>Components</Filter>
    </ClInclude>
    <ClInclude Include="src\Components\SceneViewerWindow.h">
      <Filter>Components</Filter>
    </ClInclude>
    <ClInclude Include="src\Editor\ComponentInspectors\CameraInspector.h">
      <Filter>Editor\ComponentInspectors</Filter>
    </ClInclude>
    <ClInclude Include="src\Editor\ComponentInspectors\FrameStatsInspector.h">
      <Filter>Editor\ComponentInspectors</Filter>
    </ClInclude>
    <ClInclude Include="src\Editor\ComponentInspectors\KeyboardMoverInspector.h">
      <Filter>Editor\ComponentInspectors</Filter>
    </ClInclude>
    <ClInclude Include="src\Editor\ComponentInspectors\LightInspector.h">
      <Filter>Editor\ComponentInspectors</Filter>
    </ClInclude>
    <ClInclude Include="src\Editor\ComponentInspectors\MaterialRefresherInspector.h">
      <Filter>Editor\ComponentInspectors</Filter>
    </ClInclude>
    <ClInclude Include="src\Editor\ComponentInspectors\MeshRendererInspector.h">
      <Filter>Editor\ComponentInspectors</Filter>
    </ClInclude>
    <ClInclude Include="src\Editor\ComponentInspectors\RotatorInspector.h">
      <Filter>Editor\ComponentInspectors</Filter>
    </ClInclude>
    <ClInclude Include="src\Editor\ComponentInspectors\ScreenshotUtilInspector.h">
      <Filter>Editor\ComponentInspectors</Filter>
    </ClInclude>
    <ClInclude Include="src\Editor\ComponentInspectors\SkinnedMeshRendererInspector.h">
      <Filter>Editor\ComponentInspectors</Filter>
    </ClInclude>
    <ClInclude Include="src\Editor\ComponentInspectors\SpriteRendererInspector.h">
      <Filter>Editor\ComponentInspectors</Filter>
    </ClInclude>
    <ClInclude Include="src\Editor\ComponentInspectors\TextRendererInspector.h">
      <Filter>Editor\ComponentInspectors</Filter>
    </ClInclude>
    <ClInclude Include="src\Editor\ComponentInspectors\WasdMoverInspector.h">
      <Filter>Editor\ComponentInspectors</Filter>
    </ClInclude>
    <ClInclude Include="src\Editor\ComponentInspectorsExt\BezierCurveRendererInspector.h">
      <Filter>Editor\ComponentInspectorsExt</Filter>
    </ClInclude>
    <ClInclude Include="src\Editor\ComponentInspectorsExt\BloomFilterInspector.h">
      <Filter>Editor\ComponentInspectorsExt</Filter>
    </ClInclude>
    <ClInclude Include="src\Editor\ComponentInspectorsExt\EdgeDetectionFilterInspector.h">
      <Filter>Editor\ComponentInspectorsExt</Filter>
    </ClInclude>
    <ClInclude Include="src\Editor\ComponentInspectorsExt\GammaCorrectionFilterInspector.h">
      <Filter>Editor\ComponentInspectorsExt</Filter>
    </ClInclude>
    <ClInclude Include="src\Editor\ComponentInspectorsExt\GaussianBlurFilterInspector.h">
      <Filter>Editor\ComponentInspectorsExt</Filter>
    </ClInclude>
    <ClInclude Include="src\Editor\ComponentInspectorsExt\ImageProjectorInspector.h">
      <Filter>Editor\ComponentInspectorsExt</Filter>
    </ClInclude>
    <ClInclude Include="src\Editor\ComponentInspectorsExt\MultisampleSwitchInspector.h">
      <Filter>Editor\ComponentInspectorsExt</Filter>
    </ClInclude>
    <ClInclude Include="src\Editor\ComponentInspectorsExt\NightVisionFilterInspector.h">
      <Filter>Editor\ComponentInspectorsExt</Filter>
    </ClInclude>
    <ClInclude Include="src\Editor\ComponentInspectorsExt\NoiseTextureInspector.h">
      <Filter>Editor\ComponentInspectorsExt</Filter>
    </ClInclude>
    <ClInclude Include="src\Editor\ComponentInspectorsExt\ParticleContinuousFountainInspector.h">
      <Filter>Editor\ComponentInspectorsExt</Filter>
    </ClInclude>
    <ClInclude Include="src\Editor\ComponentInspectorsExt\ParticleFountainInspector.h">
      <Filter>Editor\ComponentInspectorsExt</Filter>
    </ClInclude>
    <ClInclude Include="src\Editor\ComponentInspectorsExt\ParticleInstancedInspector.h">
      <Filter>Editor\ComponentInspectorsExt</Filter>
    </ClInclude>
    <ClInclude Include="src\Editor\ComponentInspectorsExt\ParticleSystemInspector.h">
      <Filter>Editor\ComponentInspectorsExt</Filter>
    </ClInclude>
    <ClInclude Include="src\Editor\ComponentInspectorsExt\ShaderSubroutineSwitcherInspector.h">
      <Filter>Editor\ComponentInspectorsExt</Filter>
    </ClInclude>
    <ClInclude Include="src\Editor\ComponentInspectorsExt\TessellatedMeshRendererInspector.h">
      <Filter>Editor\ComponentInspectorsExt</Filter>
    </ClInclude>
    <ClInclude Include="src\Editor\ComponentInspectorsExt\TessellatingQuadInspector.h">
      <Filter>Editor\ComponentInspectorsExt</Filter>
    </ClInclude>
    <ClInclude Include="src\Editor\ComponentInspectorsExt\WaveDisplacementInspector.h">
      <Filter>Editor\ComponentInspectorsExt</Filter>
    </ClInclude>
    <ClInclude Include="src\Editor\ComponentInspectorsExt\WoodSliceTextureInspector.h">
      <Filter>Editor\ComponentInspectorsExt</Filter>
    </ClInclude>
    <ClInclude Include="src\Editor\TerrainInspector.h">
      <Filter>Editor</Filter>
    </ClInclude>
    <ClInclude Include="src\EditorComponentsPch.h" />
  </ItemGroup>
  <ItemGroup>
    <ClCompile Include="src\Components\AnimationViewerWindow.cpp">
      <Filter>Components</Filter>
    </ClCompile>
    <ClCompile Include="src\Components\EditorCameraWindow.cpp">
      <Filter>Components</Filter>
    </ClCompile>
    <ClCompile Include="src\Components\EditorWindowComponent.cpp">
      <Filter>Components</Filter>
    </ClCompile>
    <ClCompile Include="src\Components\EngineAssetBrowser.cpp">
      <Filter>Components</Filter>
    </ClCompile>
    <ClCompile Include="src\Components\EngineConsole.cpp">
      <Filter>Components</Filter>
    </ClCompile>
    <ClCompile Include="src\Components\InspectorWindow.cpp">
      <Filter>Components</Filter>
    </ClCompile>
    <ClCompile Include="src\Components\SceneCameraInput\OrbitalControlStrategy.cpp">
      <Filter>Components\SceneCameraInput</Filter>
    </ClCompile>
    <ClCompile Include="src\Components\SceneCameraInput\SceneCameraInputStrategy.cpp">
      <Filter>Components\SceneCameraInput</Filter>
    </ClCompile>
    <ClCompile Include="src\Components\SceneCameraInput\WasdControlStrategy.cpp">
      <Filter>Components\SceneCameraInput</Filter>
    </ClCompile>
    <ClCompile Include="src\Components\SceneHierarchyWindow.cpp">
      <Filter>Components</Filter>
    </ClCompile>
    <ClCompile Include="src\Components\SceneViewerWindow.cpp">
      <Filter>Components</Filter>
    </ClCompile>
    <ClCompile Include="src\Editor\ComponentInspectors\CameraInspector.cpp">
      <Filter>Editor\ComponentInspectors</Filter>
    </ClCompile>
    <ClCompile Include="src\Editor\ComponentInspectors\FrameStatsInspector.cpp">
      <Filter>Editor\ComponentInspectors</Filter>
    </ClCompile>
    <ClCompile Include="src\Editor\ComponentInspectors\KeyboardMoverInspector.cpp">
      <Filter>Editor\ComponentInspectors</Filter>
    </ClCompile>
    <ClCompile Include="src\Editor\ComponentInspectors\LightInspector.cpp">
      <Filter>Editor\ComponentInspectors</Filter>
    </ClCompile>
    <ClCompile Include="src\Editor\ComponentInspectors\MaterialRefresherInspector.cpp">
      <Filter>Editor\ComponentInspectors</Filter>
    </ClCompile>
    <ClCompile Include="src\Editor\ComponentInspectors\MeshRendererInspector.cpp">
      <Filter>Editor\ComponentInspectors</Filter>
    </ClCompile>
    <ClCompile Include="src\Editor\ComponentInspectors\RotatorInspector.cpp">
      <Filter>Editor\ComponentInspectors</Filter>
    </ClCompile>
    <ClCompile Include="src\Editor\ComponentInspectors\ScreenshotUtilInspector.cpp">
      <Filter>Editor\ComponentInspectors</Filter>
    </ClCompile>
    <ClCompile Include="src\Editor\ComponentInspectors\SkinnedMeshRendererInspector.cpp">
      <Filter>Editor\ComponentInspectors</Filter>
    </ClCompile>
    <ClCompile Include="src\Editor\ComponentInspectors\SpriteRendererInspector.cpp">
      <Filter>Editor\ComponentInspectors</Filter>
    </ClCompile>
    <ClCompile Include="src\Editor\ComponentInspectors\TextRendererInspector.cpp">
      <Filter>Editor\ComponentInspectors</Filter>
    </ClCompile>
    <ClCompile Include="src\Editor\ComponentInspectors\WasdMoverInspector.cpp">
      <Filter>Editor\ComponentInspectors</Filter>
    </ClCompile>
    <ClCompile Include="src\Editor\ComponentInspectorsExt\BezierCurveRendererInspector.cpp">
      <Filter>Editor\ComponentInspectorsExt</Filter>
    </ClCompile>
    <ClCompile Include="src\Editor\ComponentInspectorsExt\BloomFilterInspector.cpp">
      <Filter>Editor\ComponentInspectorsExt</Filter>
    </ClCompile>
    <ClCompile Include="src\Editor\ComponentInspectorsExt\EdgeDetectionFilterInspector.cpp">
      <Filter>Editor\ComponentInspectorsExt</Filter>
    </ClCompile>
    <ClCompile Include="src\Editor\ComponentInspectorsExt\GammaCorrectionFilterInspector.cpp">
      <Filter>Editor\ComponentInspectorsExt</Filter>
    </ClCompile>
    <ClCompile Include="src\Editor\ComponentInspectorsExt\GaussianBlurFilterInspector.cpp">
      <Filter>Editor\ComponentInspectorsExt</Filter>
    </ClCompile>
    <ClCompile Include="src\Editor\ComponentInspectorsExt\ImageProjectorInspector.cpp">
      <Filter>Editor\ComponentInspectorsExt</Filter>
    </ClCompile>
    <ClCompile Include="src\Editor\ComponentInspectorsExt\MultisampleSwitchInspector.cpp">
      <Filter>Editor\ComponentInspectorsExt</Filter>
    </ClCompile>
    <ClCompile Include="src\Editor\ComponentInspectorsExt\NightVisionFilterInspector.cpp">
      <Filter>Editor\ComponentInspectorsExt</Filter>
    </ClCompile>
    <ClCompile Include="src\Editor\ComponentInspectorsExt\NoiseTextureInspector.cpp">
      <Filter>Editor\ComponentInspectorsExt</Filter>
    </ClCompile>
    <ClCompile Include="src\Editor\ComponentInspectorsExt\ParticleContinuousFountainInspector.cpp">
      <Filter>Editor\ComponentInspectorsExt</Filter>
    </ClCompile>
    <ClCompile Include="src\Editor\ComponentInspectorsExt\ParticleFountainInspector.cpp">
      <Filter>Editor\ComponentInspectorsExt</Filter>
    </ClCompile>
    <ClCompile Include="src\Editor\ComponentInspectorsExt\ParticleInstancedInspector.cpp">
      <Filter>Editor\ComponentInspectorsExt</Filter>
    </ClCompile>
    <ClCompile Include="src\Editor\ComponentInspectorsExt\ParticleSystemInspector.cpp">
      <Filter>Editor\ComponentInspectorsExt</Filter>
    </ClCompile>
    <ClCompile Include="src\Editor\ComponentInspectorsExt\ShaderSubroutineSwitcherInspector.cpp">
      <Filter>Editor\ComponentInspectorsExt</Filter>
    </ClCompile>
    <ClCompile Include="src\Editor\ComponentInspectorsExt\TessellatedMeshRendererInspector.cpp">
      <Filter>Editor\ComponentInspectorsExt</Filter>
    </ClCompile>
    <ClCompile Include="src\Editor\ComponentInspectorsExt\TessellatingQuadInspector.cpp">
      <Filter>Editor\ComponentInspectorsExt</Filter>
    </ClCompile>
    <ClCompile Include="src\Editor\ComponentInspectorsExt\WaveDisplacementInspector.cpp">
      <Filter>Editor\ComponentInspectorsExt</Filter>
    </ClCompile>
    <ClCompile Include="src\Editor\ComponentInspectorsExt\WoodSliceTextureInspector.cpp">
      <Filter>Editor\ComponentInspectorsExt</Filter>
    </ClCompile>
    <ClCompile Include="src\Editor\TerrainInspector.cpp">
      <Filter>Editor</Filter>
    </ClCompile>
    <ClCompile Include="src\EditorComponentsPch.cpp" />
  </ItemGroup>
</Project>